
Microsoft Visual Studio Solution File, Format Version 12.00
# Visual Studio Version 17
VisualStudioVersion = 17.5.33627.172
MinimumVisualStudioVersion = 10.0.40219.1
Project("{9A19103F-16F7-4668-BE54-9A1E7A4F7556}") = "WebAPI", "LegoShop\WebAPI.csproj", "{8F40D67B-41AE-48CC-8E2D-B9A0B78344AE}"
EndProject
Project("{9A19103F-16F7-4668-BE54-9A1E7A4F7556}") = "BusinessObject", "BusinessObject\BusinessObject.csproj", "{AAFFA254-7834-411F-AC9B-B22DF38167DA}"
EndProject
Project("{9A19103F-16F7-4668-BE54-9A1E7A4F7556}") = "DataAccess", "DataAccess\DataAccess.csproj", "{5619EBDC-70C0-4713-9FD3-13206E45DD6C}"
EndProject
Project("{9A19103F-16F7-4668-BE54-9A1E7A4F7556}") = "Repository", "Repository\Repository.csproj", "{9A88DDAE-932A-45E2-BA94-02A96518ADCC}"
EndProject
Project("{FAE04EC0-301F-11D3-BF4B-00C04F79EFBC}") = "WebClient", "WebClient\WebClient.csproj", "{95505BE2-10A8-475A-AF8E-469E9BB83BB5}"
EndProject
Global
	GlobalSection(SolutionConfigurationPlatforms) = preSolution
		Debug|Any CPU = Debug|Any CPU
		Release|Any CPU = Release|Any CPU
	EndGlobalSection
	GlobalSection(ProjectConfigurationPlatforms) = postSolution
		{8F40D67B-41AE-48CC-8E2D-B9A0B78344AE}.Debug|Any CPU.ActiveCfg = Debug|Any CPU
		{8F40D67B-41AE-48CC-8E2D-B9A0B78344AE}.Debug|Any CPU.Build.0 = Debug|Any CPU
		{8F40D67B-41AE-48CC-8E2D-B9A0B78344AE}.Release|Any CPU.ActiveCfg = Release|Any CPU
		{8F40D67B-41AE-48CC-8E2D-B9A0B78344AE}.Release|Any CPU.Build.0 = Release|Any CPU
		{AAFFA254-7834-411F-AC9B-B22DF38167DA}.Debug|Any CPU.ActiveCfg = Debug|Any CPU
		{AAFFA254-7834-411F-AC9B-B22DF38167DA}.Debug|Any CPU.Build.0 = Debug|Any CPU
		{AAFFA254-7834-411F-AC9B-B22DF38167DA}.Release|Any CPU.ActiveCfg = Release|Any CPU
		{AAFFA254-7834-411F-AC9B-B22DF38167DA}.Release|Any CPU.Build.0 = Release|Any CPU
		{5619EBDC-70C0-4713-9FD3-13206E45DD6C}.Debug|Any CPU.ActiveCfg = Debug|Any CPU
		{5619EBDC-70C0-4713-9FD3-13206E45DD6C}.Debug|Any CPU.Build.0 = Debug|Any CPU
		{5619EBDC-70C0-4713-9FD3-13206E45DD6C}.Release|Any CPU.ActiveCfg = Release|Any CPU
		{5619EBDC-70C0-4713-9FD3-13206E45DD6C}.Release|Any CPU.Build.0 = Release|Any CPU
		{9A88DDAE-932A-45E2-BA94-02A96518ADCC}.Debug|Any CPU.ActiveCfg = Debug|Any CPU
		{9A88DDAE-932A-45E2-BA94-02A96518ADCC}.Debug|Any CPU.Build.0 = Debug|Any CPU
		{9A88DDAE-932A-45E2-BA94-02A96518ADCC}.Release|Any CPU.ActiveCfg = Release|Any CPU
		{9A88DDAE-932A-45E2-BA94-02A96518ADCC}.Release|Any CPU.Build.0 = Release|Any CPU
		{95505BE2-10A8-475A-AF8E-469E9BB83BB5}.Debug|Any CPU.ActiveCfg = Debug|Any CPU
		{95505BE2-10A8-475A-AF8E-469E9BB83BB5}.Debug|Any CPU.Build.0 = Debug|Any CPU
		{95505BE2-10A8-475A-AF8E-469E9BB83BB5}.Release|Any CPU.ActiveCfg = Release|Any CPU
		{95505BE2-10A8-475A-AF8E-469E9BB83BB5}.Release|Any CPU.Build.0 = Release|Any CPU
	EndGlobalSection
	GlobalSection(SolutionProperties) = preSolution
		HideSolutionNode = FALSE
	EndGlobalSection
	GlobalSection(ExtensibilityGlobals) = postSolution
		SolutionGuid = {5B6230BC-D379-4F11-BEF2-9D718E6344E1}
	EndGlobalSection
EndGlobal
